# This file is autogenerated, do not edit; changes may be undone by the next 'dep ensure'.


[[projects]]
  digest = "1:ffe9824d294da03b391f44e1ae8281281b4afc1bdaa9588c9097785e3af10cec"
  name = "github.com/davecgh/go-spew"
  packages = ["spew"]
  pruneopts = "UT"
  revision = "8991bc29aa16c548c550c7ff78260e27b9ab7c73"
  version = "v1.1.1"

[[projects]]
  digest = "1:fa413ac44630f9ca77bf7bb629804106a50cd5af351f89ed1e23e08e6173c5d0"
  name = "github.com/go-ole/go-ole"
  packages = [
    ".",
    "oleutil",
  ]
  pruneopts = "UT"
  revision = "8b1f7f90f6b1728609c9694f2cff140d34fd91f8"
  version = "v1.2.6"

[[projects]]
  digest = "1:465db2de82a3f7483baead1dc4eddd2510d6340729bbcc988e238e8cf3d0d18b"
  name = "github.com/google/go-cmp"
  packages = [
    "cmp",
    "cmp/cmpopts",
    "cmp/internal/diff",
    "cmp/internal/flags",
    "cmp/internal/function",
    "cmp/internal/value",
  ]
  pruneopts = "UT"
  revision = "d103655696d8ae43c4125ee61454dbf03d8e8324"
  version = "v0.5.6"

[[projects]]
  branch = "main"
  digest = "1:dc1c9a9e26fc2b80713a51c26f8443314eed7d33e2e12df259d7f722df7fd355"
  name = "github.com/lufia/plan9stats"
  packages = ["."]
  pruneopts = "UT"
  revision = "39d0f177ccd07bdf5eb6f051ab9b09651f05d6f2"

[[projects]]
  digest = "1:0028cb19b2e4c3112225cd871870f2d9cf49b9b4276531f03438a88e94be86fe"
  name = "github.com/pmezard/go-difflib"
  packages = ["difflib"]
  pruneopts = "UT"
  revision = "792786c7400a136282c1664665ae0a8db921c6c2"
  version = "v1.0.0"

[[projects]]
  branch = "main"
  digest = "1:9ad2b62016ecf07e6c97a45a1bd6b66467a77be6ed88b618fb908f5cf312a304"
  name = "github.com/power-devops/perfstat"
  packages = ["."]
  pruneopts = "UT"
  revision = "5aafc221ea8c1ff54b0835cbd5f2386a8410be11"

[[projects]]
  digest = "1:5c7b4a9fefe5b7b160d2cf0ec8457de81db92038c45c88d7d59493568308cc5d"
  name = "github.com/stretchr/testify"
  packages = [
    "assert",
    "require",
  ]
  pruneopts = "UT"
  revision = "acba37e5db06f0093b465a7d47822bf13644b66c"
  version = "v1.7.0"

[[projects]]
  digest = "1:dc2f804edbbcc4e7c5385791b8703da9b6bc6e22e698233f919c19da6286cf11"
  name = "github.com/tklauser/go-sysconf"
  packages = ["."]
  pruneopts = "UT"
  revision = "18f67506ef17458385cd85f6f7678623087ba043"
  version = "v0.3.9"

[[projects]]
  digest = "1:40a9f481f2c76a04fb1a0c083e317907875cd6405e96117f2aa81fd17aa28000"
  name = "github.com/tklauser/numcpus"
  packages = ["."]
  pruneopts = "UT"
  revision = "ce6ed4c574066004ab884122d989748388233cad"
  version = "v0.3.0"

[[projects]]
  digest = "1:50a80d9d302a50c9f5ae5fb4e44c82cf40f0fa184ac847bec897438f28da21ee"
  name = "github.com/yusufpapurcu/wmi"
  packages = ["."]
  pruneopts = "UT"
  revision = "253c5f0cb35e666c4c0fc42083824e7c89f0cc8d"
  version = "v1.2.2"

[[projects]]
  branch = "master"
  digest = "1:6eed2fd291874d17d37ecb2bda20d141a475992f3deb80989657325620e01962"
  name = "golang.org/x/sys"
  packages = [
    "internal/unsafeheader",
    "unix",
    "windows",
    "windows/svc",
    "windows/svc/mgr",
  ]
  pruneopts = "UT"
  revision = "dee7805ff2e13b1c4206de89b1c06e95ab66ae0d"

[[projects]]
  branch = "master"
  digest = "1:918a46e4a2fb83df33f668f5a6bd51b2996775d073fce1800d3ec01b0a5ddd2b"
  name = "golang.org/x/xerrors"
  packages = [
    ".",
    "internal",
  ]
  pruneopts = "UT"
  revision = "5ec99f83aff198f5fbd629d6c8d8eb38a04218ca"

[[projects]]
  branch = "v3"
  digest = "1:107a619d3c3bcca214b2b7db810a5dffcd74b5d0262813cb2986e063fae2722f"
  name = "gopkg.in/yaml.v3"
  packages = ["."]
  pruneopts = "UT"
  revision = "496545a6307b2a7d7a710fd516e5e16e8ab62dbc"

[solve-meta]
  analyzer-name = "dep"
  analyzer-version = 1
  input-imports = [
    "github.com/google/go-cmp/cmp",
    "github.com/google/go-cmp/cmp/cmpopts",
    "github.com/lufia/plan9stats",
    "github.com/power-devops/perfstat",
    "github.com/stretchr/testify/assert",
    "github.com/stretchr/testify/require",
    "github.com/tklauser/go-sysconf",
    "github.com/yusufpapurcu/wmi",
    "golang.org/x/sys/unix",
    "golang.org/x/sys/windows",
    "golang.org/x/sys/windows/svc",
    "golang.org/x/sys/windows/svc/mgr",
  ]
  solver-name = "gps-cdcl"
  solver-version = 1
