# This file is autogenerated, do not edit; changes may be undone by the next 'dep ensure'.


[[projects]]
  digest = "1:3a991e1f8ab48d1445b5106b628609285cecb1bfe5abdd078b4320d32ec0f3ee"
  name = "github.com/StackExchange/wmi"
  packages = ["."]
  pruneopts = "UT"
  revision = "441642c1665945335b93778e496324884ce569e7"
  version = "v1.2.1"

[[projects]]
  digest = "1:ffe9824d294da03b391f44e1ae8281281b4afc1bdaa9588c9097785e3af10cec"
  name = "github.com/davecgh/go-spew"
  packages = ["spew"]
  pruneopts = "UT"
  revision = "8991bc29aa16c548c550c7ff78260e27b9ab7c73"
  version = "v1.1.1"

[[projects]]
  digest = "1:fa413ac44630f9ca77bf7bb629804106a50cd5af351f89ed1e23e08e6173c5d0"
  name = "github.com/go-ole/go-ole"
  packages = [
    ".",
    "oleutil",
  ]
  pruneopts = "UT"
  revision = "8b1f7f90f6b1728609c9694f2cff140d34fd91f8"
  version = "v1.2.6"

[[projects]]
  digest = "1:0028cb19b2e4c3112225cd871870f2d9cf49b9b4276531f03438a88e94be86fe"
  name = "github.com/pmezard/go-difflib"
  packages = ["difflib"]
  pruneopts = "UT"
  revision = "792786c7400a136282c1664665ae0a8db921c6c2"
  version = "v1.0.0"

[[projects]]
  digest = "1:5c7b4a9fefe5b7b160d2cf0ec8457de81db92038c45c88d7d59493568308cc5d"
  name = "github.com/stretchr/testify"
  packages = [
    "assert",
    "require",
  ]
  pruneopts = "UT"
  revision = "acba37e5db06f0093b465a7d47822bf13644b66c"
  version = "v1.7.0"

[[projects]]
  digest = "1:dc2f804edbbcc4e7c5385791b8703da9b6bc6e22e698233f919c19da6286cf11"
  name = "github.com/tklauser/go-sysconf"
  packages = ["."]
  pruneopts = "UT"
  revision = "18f67506ef17458385cd85f6f7678623087ba043"
  version = "v0.3.9"

[[projects]]
  digest = "1:40a9f481f2c76a04fb1a0c083e317907875cd6405e96117f2aa81fd17aa28000"
  name = "github.com/tklauser/numcpus"
  packages = ["."]
  pruneopts = "UT"
  revision = "ce6ed4c574066004ab884122d989748388233cad"
  version = "v0.3.0"

[[projects]]
  branch = "master"
  digest = "1:cded1795a2d143aa9940244639afeaeecc5cfb9bb2a01bdcaa4087e9beb989c0"
  name = "golang.org/x/sys"
  packages = [
    "internal/unsafeheader",
    "unix",
    "windows",
    "windows/svc",
    "windows/svc/mgr",
  ]
  pruneopts = "UT"
  revision = "69063c4bb744bc56492b1a0533d73a23406b0bc2"

[[projects]]
  branch = "v3"
  digest = "1:107a619d3c3bcca214b2b7db810a5dffcd74b5d0262813cb2986e063fae2722f"
  name = "gopkg.in/yaml.v3"
  packages = ["."]
  pruneopts = "UT"
  revision = "496545a6307b2a7d7a710fd516e5e16e8ab62dbc"

[solve-meta]
  analyzer-name = "dep"
  analyzer-version = 1
  input-imports = [
    "github.com/StackExchange/wmi",
    "github.com/stretchr/testify/assert",
    "github.com/stretchr/testify/require",
    "github.com/tklauser/go-sysconf",
    "golang.org/x/sys/unix",
    "golang.org/x/sys/windows",
    "golang.org/x/sys/windows/svc",
    "golang.org/x/sys/windows/svc/mgr",
  ]
  solver-name = "gps-cdcl"
  solver-version = 1
